// !$*UTF8*$!
{
	archiveVersion = 1;
	classes = {
	};
	objectVersion = 50;
	objects = {

/* Begin PBXBuildFile section */
		C83E4E872472C47F00803075 /* SecondView.swift in Sources */ = {isa = PBXBuildFile; fileRef = C83E4E862472C47F00803075 /* SecondView.swift */; };
		C8E00511246F713A00128920 /* AppDelegate.swift in Sources */ = {isa = PBXBuildFile; fileRef = C8E00510246F713A00128920 /* AppDelegate.swift */; };
		C8E00513246F713A00128920 /* SceneDelegate.swift in Sources */ = {isa = PBXBuildFile; fileRef = C8E00512246F713A00128920 /* SceneDelegate.swift */; };
		C8E00516246F713A00128920 /* OBservableDemo.xcdatamodeld in Sources */ = {isa = PBXBuildFile; fileRef = C8E00514246F713A00128920 /* OBservableDemo.xcdatamodeld */; };
		C8E00518246F713A00128920 /* ContentView.swift in Sources */ = {isa = PBXBuildFile; fileRef = C8E00517246F713A00128920 /* ContentView.swift */; };
		C8E0051A246F713A00128920 /* Assets.xcassets in Resources */ = {isa = PBXBuildFile; fileRef = C8E00519246F713A00128920 /* Assets.xcassets */; };
		C8E0051D246F713A00128920 /* Preview Assets.xcassets in Resources */ = {isa = PBXBuildFile; fileRef = C8E0051C246F713A00128920 /* Preview Assets.xcassets */; };
		C8E00520246F713A00128920 /* LaunchScreen.storyboard in Resources */ = {isa = PBXBuildFile; fileRef = C8E0051E246F713A00128920 /* LaunchScreen.storyboard */; };
		C8E00528246F716700128920 /* TimerData.swift in Sources */ = {isa = PBXBuildFile; fileRef = C8E00527246F716700128920 /* TimerData.swift */; };
/* End PBXBuildFile section */

/* Begin PBXFileReference section */
		C83E4E862472C47F00803075 /* SecondView.swift */ = {isa = PBXFileReference; lastKnownFileType = sourcecode.swift; path = SecondView.swift; sourceTree = "<group>"; };
		C8E0050D246F713A00128920 /* OBservableDemo.app */ = {isa = PBXFileReference; explicitFileType = wrapper.application; includeInIndex = 0; path = OBservableDemo.app; sourceTree = BUILT_PRODUCTS_DIR; };
		C8E00510246F713A00128920 /* AppDelegate.swift */ = {isa = PBXFileReference; lastKnownFileType = sourcecode.swift; path = AppDelegate.swift; sourceTree = "<group>"; };
		C8E00512246F713A00128920 /* SceneDelegate.swift */ = {isa = PBXFileReference; lastKnownFileType = sourcecode.swift; path = SceneDelegate.swift; sourceTree = "<group>"; };
		C8E00515246F713A00128920 /* OBservableDemo.xcdatamodel */ = {isa = PBXFileReference; lastKnownFileType = wrapper.xcdatamodel; path = OBservableDemo.xcdatamodel; sourceTree = "<group>"; };
		C8E00517246F713A00128920 /* ContentView.swift */ = {isa = PBXFileReference; lastKnownFileType = sourcecode.swift; path = ContentView.swift; sourceTree = "<group>"; };
		C8E00519246F713A00128920 /* Assets.xcassets */ = {isa = PBXFileReference; lastKnownFileType = folder.assetcatalog; path = Assets.xcassets; sourceTree = "<group>"; };
		C8E0051C246F713A00128920 /* Preview Assets.xcassets */ = {isa = PBXFileReference; lastKnownFileType = folder.assetcatalog; path = "Preview Assets.xcassets"; sourceTree = "<group>"; };
		C8E0051F246F713A00128920 /* Base */ = {isa = PBXFileReference; lastKnownFileType = file.storyboard; name = Base; path = Base.lproj/LaunchScreen.storyboard; sourceTree = "<group>"; };
		C8E00521246F713A00128920 /* Info.plist */ = {isa = PBXFileReference; lastKnownFileType = text.plist.xml; path = Info.plist; sourceTree = "<group>"; };
		C8E00527246F716700128920 /* TimerData.swift */ = {isa = PBXFileReference; lastKnownFileType = sourcecode.swift; path = TimerData.swift; sourceTree = "<group>"; };
/* End PBXFileReference section */

/* Begin PBXFrameworksBuildPhase section */
		C8E0050A246F713A00128920 /* Frameworks */ = {
			isa = PBXFrameworksBuildPhase;
			buildActionMask = 2147483647;
			files = (
			);
			runOnlyForDeploymentPostprocessing = 0;
		};
/* End PBXFrameworksBuildPhase section */

/* Begin PBXGroup section */
		C8E00504246F713A00128920 = {
			isa = PBXGroup;
			children = (
				C8E0050F246F713A00128920 /* OBservableDemo */,
				C8E0050E246F713A00128920 /* Products */,
			);
			sourceTree = "<group>";
		};
		C8E0050E246F713A00128920 /* Products */ = {
			isa = PBXGroup;
			children = (
				C8E0050D246F713A00128920 /* OBservableDemo.app */,
			);
			name = Products;
			sourceTree = "<group>";
		};
		C8E0050F246F713A00128920 /* OBservableDemo */ = {
			isa = PBXGroup;
			children = (
				C8E00510246F713A00128920 /* AppDelegate.swift */,
				C8E00512246F713A00128920 /* SceneDelegate.swift */,
				C8E00517246F713A00128920 /* ContentView.swift */,
				C8E00519246F713A00128920 /* Assets.xcassets */,
				C8E0051E246F713A00128920 /* LaunchScreen.storyboard */,
				C8E00521246F713A00128920 /* Info.plist */,
				C8E00514246F713A00128920 /* OBservableDemo.xcdatamodeld */,
				C8E0051B246F713A00128920 /* Preview Content */,
				C8E00527246F716700128920 /* TimerData.swift */,
				C83E4E862472C47F00803075 /* SecondView.swift */,
			);
			path = OBservableDemo;
			sourceTree = "<group>";
		};
		C8E0051B246F713A00128920 /* Preview Content */ = {
			isa = PBXGroup;
			children = (
				C8E0051C246F713A00128920 /* Preview Assets.xcassets */,
			);
			path = "Preview Content";
			sourceTree = "<group>";
		};
/* End PBXGroup section */

/* Begin PBXNativeTarget section */
		C8E0050C246F713A00128920 /* OBservableDemo */ = {
			isa = PBXNativeTarget;
			buildConfigurationList = C8E00524246F713A00128920 /* Build configuration list for PBXNativeTarget "OBservableDemo" */;
			buildPhases = (
				C8E00509246F713A00128920 /* Sources */,
				C8E0050A246F713A00128920 /* Frameworks */,
				C8E0050B246F713A00128920 /* Resources */,
			);
			buildRules = (
			);
			dependencies = (
			);
			name = OBservableDemo;
			productName = OBservableDemo;
			productReference = C8E0050D246F713A00128920 /* OBservableDemo.app */;
			productType = "com.apple.product-type.application";
		};
/* End PBXNativeTarget section */

/* Begin PBXProject section */
		C8E00505246F713A00128920 /* Project object */ = {
			isa = PBXProject;
			attributes = {
				LastSwiftUpdateCheck = 1140;
				LastUpgradeCheck = 1140;
				ORGANIZATIONNAME = junhyuk;
				TargetAttributes = {
					C8E0050C246F713A00128920 = {
						CreatedOnToolsVersion = 11.4.1;
					};
				};
			};
			buildConfigurationList = C8E00508246F713A00128920 /* Build configuration list for PBXProject "OBservableDemo" */;
			compatibilityVersion = "Xcode 9.3";
			developmentRegion = en;
			hasScannedForEncodings = 0;
			knownRegions = (
				en,
				Base,
			);
			mainGroup = C8E00504246F713A00128920;
			productRefGroup = C8E0050E246F713A00128920 /* Products */;
			projectDirPath = "";
			projectRoot = "";
			targets = (
				C8E0050C246F713A00128920 /* OBservableDemo */,
			);
		};
/* End PBXProject section */

/* Begin PBXResourcesBuildPhase section */
		C8E0050B246F713A00128920 /* Resources */ = {
			isa = PBXResourcesBuildPhase;
			buildActionMask = 2147483647;
			files = (
				C8E00520246F713A00128920 /* LaunchScreen.storyboard in Resources */,
				C8E0051D246F713A00128920 /* Preview Assets.xcassets in Resources */,
				C8E0051A246F713A00128920 /* Assets.xcassets in Resources */,
			);
			runOnlyForDeploymentPostprocessing = 0;
		};
/* End PBXResourcesBuildPhase section */

/* Begin PBXSourcesBuildPhase section */
		C8E00509246F713A00128920 /* Sources */ = {
			isa = PBXSourcesBuildPhase;
			buildActionMask = 2147483647;
			files = (
				C83E4E872472C47F00803075 /* SecondView.swift in Sources */,
				C8E00511246F713A00128920 /* AppDelegate.swift in Sources */,
				C8E00516246F713A00128920 /* OBservableDemo.xcdatamodeld in Sources */,
				C8E00518246F713A00128920 /* ContentView.swift in Sources */,
				C8E00528246F716700128920 /* TimerData.swift in Sources */,
				C8E00513246F713A00128920 /* SceneDelegate.swift in Sources */,
			);
			runOnlyForDeploymentPostprocessing = 0;
		};
/* End PBXSourcesBuildPhase section */

/* Begin PBXVariantGroup section */
		C8E0051E246F713A00128920 /* LaunchScreen.storyboard */ = {
			isa = PBXVariantGroup;
			children = (
				C8E0051F246F713A00128920 /* Base */,
			);
			name = LaunchScreen.storyboard;
			sourceTree = "<group>";
		};
/* End PBXVariantGroup section */

/* Begin XCBuildConfiguration section */
		C8E00522246F713A00128920 /* Debug */ = {
			isa = XCBuildConfiguration;
			buildSettings = {
				ALWAYS_SEARCH_USER_PATHS = NO;
				CLANG_ANALYZER_NONNULL = YES;
				CLANG_ANALYZER_NUMBER_OBJECT_CONVERSION = YES_AGGRESSIVE;
				CLANG_CXX_LANGUAGE_STANDARD = "gnu++14";
				CLANG_CXX_LIBRARY = "libc++";
				CLANG_ENABLE_MODULES = YES;
				CLANG_ENABLE_OBJC_ARC = YES;
				CLANG_ENABLE_OBJC_WEAK = YES;
				CLANG_WARN_BLOCK_CAPTURE_AUTORELEASING = YES;
				CLANG_WARN_BOOL_CONVERSION = YES;
				CLANG_WARN_COMMA = YES;
				CLANG_WARN_CONSTANT_CONVERSION = YES;
				CLANG_WARN_DEPRECATED_OBJC_IMPLEMENTATIONS = YES;
				CLANG_WARN_DIRECT_OBJC_ISA_USAGE = YES_ERROR;
				CLANG_WARN_DOCUMENTATION_COMMENTS = YES;
				CLANG_WARN_EMPTY_BODY = YES;
				CLANG_WARN_ENUM_CONVERSION = YES;
				CLANG_WARN_INFINITE_RECURSION = YES;
				CLANG_WARN_INT_CONVERSION = YES;
				CLANG_WARN_NON_LITERAL_NULL_CONVERSION = YES;
				CLANG_WARN_OBJC_IMPLICIT_RETAIN_SELF = YES;
				CLANG_WARN_OBJC_LITERAL_CONVERSION = YES;
				CLANG_WARN_OBJC_ROOT_CLASS = YES_ERROR;
				CLANG_WARN_RANGE_LOOP_ANALYSIS = YES;
				CLANG_WARN_STRICT_PROTOTYPES = YES;
				CLANG_WARN_SUSPICIOUS_MOVE = YES;
				CLANG_WARN_UNGUARDED_AVAILABILITY = YES_AGGRESSIVE;
				CLANG_WARN_UNREACHABLE_CODE = YES;
				CLANG_WARN__DUPLICATE_METHOD_MATCH = YES;
				COPY_PHASE_STRIP = NO;
				DEBUG_INFORMATION_FORMAT = dwarf;
				ENABLE_STRICT_OBJC_MSGSEND = YES;
				ENABLE_TESTABILITY = YES;
				GCC_C_LANGUAGE_STANDARD = gnu11;
				GCC_DYNAMIC_NO_PIC = NO;
				GCC_NO_COMMON_BLOCKS = YES;
				GCC_OPTIMIZATION_LEVEL = 0;
				GCC_PREPROCESSOR_DEFINITIONS = (
					"DEBUG=1",
					"$(inherited)",
				);
				GCC_WARN_64_TO_32_BIT_CONVERSION = YES;
				GCC_WARN_ABOUT_RETURN_TYPE = YES_ERROR;
				GCC_WARN_UNDECLARED_SELECTOR = YES;
				GCC_WARN_UNINITIALIZED_AUTOS = YES_AGGRESSIVE;
				GCC_WARN_UNUSED_FUNCTION = YES;
				GCC_WARN_UNUSED_VARIABLE = YES;
				IPHONEOS_DEPLOYMENT_TARGET = 13.4;
				MTL_ENABLE_DEBUG_INFO = INCLUDE_SOURCE;
				MTL_FAST_MATH = YES;
				ONLY_ACTIVE_ARCH = YES;
				SDKROOT = iphoneos;
				SWIFT_ACTIVE_COMPILATION_CONDITIONS = DEBUG;
				SWIFT_OPTIMIZATION_LEVEL = "-Onone";
			};
			name = Debug;
		};
		C8E00523246F713A00128920 /* Release */ = {
			isa = XCBuildConfiguration;
			buildSettings = {
				ALWAYS_SEARCH_USER_PATHS = NO;
				CLANG_ANALYZER_NONNULL = YES;
				CLANG_ANALYZER_NUMBER_OBJECT_CONVERSION = YES_AGGRESSIVE;
				CLANG_CXX_LANGUAGE_STANDARD = "gnu++14";
				CLANG_CXX_LIBRARY = "libc++";
				CLANG_ENABLE_MODULES = YES;
				CLANG_ENABLE_OBJC_ARC = YES;
				CLANG_ENABLE_OBJC_WEAK = YES;
				CLANG_WARN_BLOCK_CAPTURE_AUTORELEASING = YES;
				CLANG_WARN_BOOL_CONVERSION = YES;
				CLANG_WARN_COMMA = YES;
				CLANG_WARN_CONSTANT_CONVERSION = YES;
				CLANG_WARN_DEPRECATED_OBJC_IMPLEMENTATIONS = YES;
				CLANG_WARN_DIRECT_OBJC_ISA_USAGE = YES_ERROR;
				CLANG_WARN_DOCUMENTATION_COMMENTS = YES;
				CLANG_WARN_EMPTY_BODY = YES;
				CLANG_WARN_ENUM_CONVERSION = YES;
				CLANG_WARN_INFINITE_RECURSION = YES;
				CLANG_WARN_INT_CONVERSION = YES;
				CLANG_WARN_NON_LITERAL_NULL_CONVERSION = YES;
				CLANG_WARN_OBJC_IMPLICIT_RETAIN_SELF = YES;
				CLANG_WARN_OBJC_LITERAL_CONVERSION = YES;
				CLANG_WARN_OBJC_ROOT_CLASS = YES_ERROR;
				CLANG_WARN_RANGE_LOOP_ANALYSIS = YES;
				CLANG_WARN_STRICT_PROTOTYPES = YES;
				CLANG_WARN_SUSPICIOUS_MOVE = YES;
				CLANG_WARN_UNGUARDED_AVAILABILITY = YES_AGGRESSIVE;
				CLANG_WARN_UNREACHABLE_CODE = YES;
				CLANG_WARN__DUPLICATE_METHOD_MATCH = YES;
				COPY_PHASE_STRIP = NO;
				DEBUG_INFORMATION_FORMAT = "dwarf-with-dsym";
				ENABLE_NS_ASSERTIONS = NO;
				ENABLE_STRICT_OBJC_MSGSEND = YES;
				GCC_C_LANGUAGE_STANDARD = gnu11;
				GCC_NO_COMMON_BLOCKS = YES;
				GCC_WARN_64_TO_32_BIT_CONVERSION = YES;
				GCC_WARN_ABOUT_RETURN_TYPE = YES_ERROR;
				GCC_WARN_UNDECLARED_SELECTOR = YES;
				GCC_WARN_UNINITIALIZED_AUTOS = YES_AGGRESSIVE;
				GCC_WARN_UNUSED_FUNCTION = YES;
				GCC_WARN_UNUSED_VARIABLE = YES;
				IPHONEOS_DEPLOYMENT_TARGET = 13.4;
				MTL_ENABLE_DEBUG_INFO = NO;
				MTL_FAST_MATH = YES;
				SDKROOT = iphoneos;
				SWIFT_COMPILATION_MODE = wholemodule;
				SWIFT_OPTIMIZATION_LEVEL = "-O";
				VALIDATE_PRODUCT = YES;
			};
			name = Release;
		};
		C8E00525246F713A00128920 /* Debug */ = {
			isa = XCBuildConfiguration;
			buildSettings = {
				ASSETCATALOG_COMPILER_APPICON_NAME = AppIcon;
				CODE_SIGN_STYLE = Automatic;
				DEVELOPMENT_ASSET_PATHS = "\"OBservableDemo/Preview Content\"";
				DEVELOPMENT_TEAM = 5V8898Z33P;
				ENABLE_PREVIEWS = YES;
				INFOPLIST_FILE = OBservableDemo/Info.plist;
				LD_RUNPATH_SEARCH_PATHS = (
					"$(inherited)",
					"@executable_path/Frameworks",
				);
				PRODUCT_BUNDLE_IDENTIFIER = com.junhyuk.OBservableDemo;
				PRODUCT_NAME = "$(TARGET_NAME)";
				SWIFT_VERSION = 5.0;
				TARGETED_DEVICE_FAMILY = "1,2";
			};
			name = Debug;
		};
		C8E00526246F713A00128920 /* Release */ = {
			isa = XCBuildConfiguration;
			buildSettings = {
				ASSETCATALOG_COMPILER_APPICON_NAME = AppIcon;
				CODE_SIGN_STYLE = Automatic;
				DEVELOPMENT_ASSET_PATHS = "\"OBservableDemo/Preview Content\"";
				DEVELOPMENT_TEAM = 5V8898Z33P;
				ENABLE_PREVIEWS = YES;
				INFOPLIST_FILE = OBservableDemo/Info.plist;
				LD_RUNPATH_SEARCH_PATHS = (
					"$(inherited)",
					"@executable_path/Frameworks",
				);
				PRODUCT_BUNDLE_IDENTIFIER = com.junhyuk.OBservableDemo;
				PRODUCT_NAME = "$(TARGET_NAME)";
				SWIFT_VERSION = 5.0;
				TARGETED_DEVICE_FAMILY = "1,2";
			};
			name = Release;
		};
/* End XCBuildConfiguration section */

/* Begin XCConfigurationList section */
		C8E00508246F713A00128920 /* Build configuration list for PBXProject "OBservableDemo" */ = {
			isa = XCConfigurationList;
			buildConfigurations = (
				C8E00522246F713A00128920 /* Debug */,
				C8E00523246F713A00128920 /* Release */,
			);
			defaultConfigurationIsVisible = 0;
			defaultConfigurationName = Release;
		};
		C8E00524246F713A00128920 /* Build configuration list for PBXNativeTarget "OBservableDemo" */ = {
			isa = XCConfigurationList;
			buildConfigurations = (
				C8E00525246F713A00128920 /* Debug */,
				C8E00526246F713A00128920 /* Release */,
			);
			defaultConfigurationIsVisible = 0;
			defaultConfigurationName = Release;
		};
/* End XCConfigurationList section */

/* Begin XCVersionGroup section */
		C8E00514246F713A00128920 /* OBservableDemo.xcdatamodeld */ = {
			isa = XCVersionGroup;
			children = (
				C8E00515246F713A00128920 /* OBservableDemo.xcdatamodel */,
			);
			currentVersion = C8E00515246F713A00128920 /* OBservableDemo.xcdatamodel */;
			path = OBservableDemo.xcdatamodeld;
			sourceTree = "<group>";
			versionGroupType = wrapper.xcdatamodel;
		};
/* End XCVersionGroup section */
	};
	rootObject = C8E00505246F713A00128920 /* Project object */;
}
